<?xml version="1.0" encoding="utf-8"?>
<Project ToolsVersion="4.0" xmlns="http://schemas.microsoft.com/developer/msbuild/2003">
  <ItemGroup>
    <Filter Include="library">
      <UniqueIdentifier>{4FC737F1-C7A5-4376-A066-2A32D752A2FF}</UniqueIdentifier>
      <Extensions>cpp;c;cc;cxx;c++;def;odl;idl;hpj;bat;asm;asmx</Extensions>
    </Filter>
    <Filter Include="library\core">
      <UniqueIdentifier>{5785fa60-c91f-4c05-96cc-fd6cf2a272ba}</UniqueIdentifier>
    </Filter>
    <Filter Include="library\descriptor_heap">
      <UniqueIdentifier>{0cd84e40-6a52-4e62-84d7-e2b53d912169}</UniqueIdentifier>
    </Filter>
    <Filter Include="library\device">
      <UniqueIdentifier>{7e1687f8-ea0b-409f-8bcd-cf3049fbc6a2}</UniqueIdentifier>
    </Filter>
    <Filter Include="library\entry_point">
      <UniqueIdentifier>{de91f6d3-30d3-41f0-adac-1cfdc195fa68}</UniqueIdentifier>
    </Filter>
    <Filter Include="library\misc">
      <UniqueIdentifier>{c878fae4-61dc-4706-aed8-52aff1ad84cf}</UniqueIdentifier>
    </Filter>
    <Filter Include="library\renderer">
      <UniqueIdentifier>{0ea80d9c-8ffc-46a9-b854-46ca2ddf4685}</UniqueIdentifier>
    </Filter>
    <Filter Include="library\math">
      <UniqueIdentifier>{9018b47a-c3be-4c97-8a8f-c176cc4d7e1e}</UniqueIdentifier>
    </Filter>
    <Filter Include="library\resource">
      <UniqueIdentifier>{d527b666-f977-4d88-bbcb-594d194c7acd}</UniqueIdentifier>
    </Filter>
    <Filter Include="library\scene">
      <UniqueIdentifier>{8d6bda78-68dd-422b-b23e-2de9afd63480}</UniqueIdentifier>
    </Filter>
    <Filter Include="project">
      <UniqueIdentifier>{8f013ab1-38ee-4088-aa4b-9879db85041f}</UniqueIdentifier>
    </Filter>
    <Filter Include="library\texture">
      <UniqueIdentifier>{1765ec67-08ef-4d77-96e8-920bf2dcea60}</UniqueIdentifier>
    </Filter>
    <Filter Include="library\pipeline_state">
      <UniqueIdentifier>{59e21738-431b-4ddd-9fae-408dcc904a1a}</UniqueIdentifier>
    </Filter>
    <Filter Include="library\root_signature">
      <UniqueIdentifier>{d975b0f9-d730-42b8-bcf1-ccd06cdbc7f7}</UniqueIdentifier>
    </Filter>
    <Filter Include="hlsl">
      <UniqueIdentifier>{45d762eb-42e5-4bd3-ae62-2b69e88cde85}</UniqueIdentifier>
    </Filter>
    <Filter Include="library\frame_rate">
      <UniqueIdentifier>{84e946b9-a128-41f3-a9a6-3e6e66cbaad2}</UniqueIdentifier>
    </Filter>
  </ItemGroup>
  <ItemGroup>
    <ClCompile Include="library\core.cpp">
      <Filter>library\core</Filter>
    </ClCompile>
    <ClCompile Include="library\descriptor_heap.cpp">
      <Filter>library\descriptor_heap</Filter>
    </ClCompile>
    <ClCompile Include="library\device.cpp">
      <Filter>library\device</Filter>
    </ClCompile>
    <ClCompile Include="library\main.cpp">
      <Filter>library</Filter>
    </ClCompile>
    <ClCompile Include="library\entry_point.cpp">
      <Filter>library\entry_point</Filter>
    </ClCompile>
    <ClCompile Include="library\resource.cpp">
      <Filter>library\resource</Filter>
    </ClCompile>
    <ClCompile Include="library\renderer.cpp">
      <Filter>library\renderer</Filter>
    </ClCompile>
    <ClCompile Include="library\texture.cpp">
      <Filter>library\texture</Filter>
    </ClCompile>
    <ClCompile Include="library\pipeline_state.cpp">
      <Filter>library\pipeline_state</Filter>
    </ClCompile>
    <ClCompile Include="library\root_signature.cpp">
      <Filter>library\root_signature</Filter>
    </ClCompile>
    <ClCompile Include="library\frame_rate.cpp">
      <Filter>library\frame_rate</Filter>
    </ClCompile>
  </ItemGroup>
  <ItemGroup>
    <ClInclude Include="library\core.h">
      <Filter>library\core</Filter>
    </ClInclude>
    <ClInclude Include="library\descriptor_heap.h">
      <Filter>library\descriptor_heap</Filter>
    </ClInclude>
    <ClInclude Include="library\device.h">
      <Filter>library\device</Filter>
    </ClInclude>
    <ClInclude Include="library\singleton.h">
      <Filter>library\misc</Filter>
    </ClInclude>
    <ClInclude Include="library\utility.h">
      <Filter>library\misc</Filter>
    </ClInclude>
    <ClInclude Include="library\resource.h">
      <Filter>library\resource</Filter>
    </ClInclude>
    <ClInclude Include="library\renderer.h">
      <Filter>library\renderer</Filter>
    </ClInclude>
    <ClInclude Include="library\math.h">
      <Filter>library\math</Filter>
    </ClInclude>
    <ClInclude Include="library\constants.h">
      <Filter>library\misc</Filter>
    </ClInclude>
    <ClInclude Include="library\scene.h">
      <Filter>library\scene</Filter>
    </ClInclude>
    <ClInclude Include="library\texture.h">
      <Filter>library\texture</Filter>
    </ClInclude>
    <ClInclude Include="library\blend_state.h">
      <Filter>library\pipeline_state</Filter>
    </ClInclude>
    <ClInclude Include="library\pipeline_state.h">
      <Filter>library\pipeline_state</Filter>
    </ClInclude>
    <ClInclude Include="library\root_signature.h">
      <Filter>library\root_signature</Filter>
    </ClInclude>
    <ClInclude Include="library\frame_rate.h">
      <Filter>library\frame_rate</Filter>
    </ClInclude>
  </ItemGroup>
  <ItemGroup>
    <None Include="hlsl\texture.hlsli">
      <Filter>hlsl</Filter>
    </None>
  </ItemGroup>
  <ItemGroup>
    <FxCompile Include="hlsl\texture_ps.hlsl">
      <Filter>hlsl</Filter>
    </FxCompile>
    <FxCompile Include="hlsl\texture_vs.hlsl">
      <Filter>hlsl</Filter>
    </FxCompile>
  </ItemGroup>
</Project>