
Microsoft Visual Studio Solution File, Format Version 12.00
# Visual Studio Version 16
VisualStudioVersion = 16.0.31025.194
MinimumVisualStudioVersion = 10.0.40219.1
Project("{8BC9CEB8-8B4A-11D0-8D11-00A0C91BC942}") = "dx12", "dx12\dx12.vcxproj", "{2D531B6F-2103-416C-9B0A-D2E95BD5B41B}"
EndProject
Global
	GlobalSection(SolutionConfigurationPlatforms) = preSolution
		Debug|x64 = Debug|x64
		Debug|x86 = Debug|x86
		Release|x64 = Release|x64
		Release|x86 = Release|x86
	EndGlobalSection
	GlobalSection(ProjectConfigurationPlatforms) = postSolution
		{2D531B6F-2103-416C-9B0A-D2E95BD5B41B}.Debug|x64.ActiveCfg = Debug|x64
		{2D531B6F-2103-416C-9B0A-D2E95BD5B41B}.Debug|x64.Build.0 = Debug|x64
		{2D531B6F-2103-416C-9B0A-D2E95BD5B41B}.Debug|x86.ActiveCfg = Debug|Win32
		{2D531B6F-2103-416C-9B0A-D2E95BD5B41B}.Debug|x86.Build.0 = Debug|Win32
		{2D531B6F-2103-416C-9B0A-D2E95BD5B41B}.Release|x64.ActiveCfg = Release|x64
		{2D531B6F-2103-416C-9B0A-D2E95BD5B41B}.Release|x64.Build.0 = Release|x64
		{2D531B6F-2103-416C-9B0A-D2E95BD5B41B}.Release|x86.ActiveCfg = Release|Win32
		{2D531B6F-2103-416C-9B0A-D2E95BD5B41B}.Release|x86.Build.0 = Release|Win32
	EndGlobalSection
	GlobalSection(SolutionProperties) = preSolution
		HideSolutionNode = FALSE
	EndGlobalSection
	GlobalSection(ExtensibilityGlobals) = postSolution
		SolutionGuid = {FC6ABC25-ABC8-48CC-825D-A695F75B60E0}
	EndGlobalSection
EndGlobal
